
Microsoft Visual Studio Solution File, Format Version 12.00
# Visual Studio Version 17
VisualStudioVersion = 17.9.34723.18
MinimumVisualStudioVersion = 10.0.40219.1
Project("{FAE04EC0-301F-11D3-BF4B-00C04F79EFBC}") = "ChessLogic", "ChessLogic\ChessLogic.csproj", "{F7E1B669-8F86-4F9E-AC9D-F126767B7D43}"
EndProject
Project("{FAE04EC0-301F-11D3-BF4B-00C04F79EFBC}") = "ChessUI", "ChessUI\ChessUI.csproj", "{D50B5D73-A948-4C70-9354-98C61D85BBB1}"
EndProject
Global
	GlobalSection(SolutionConfigurationPlatforms) = preSolution
		Debug|Any CPU = Debug|Any CPU
		Release|Any CPU = Release|Any CPU
	EndGlobalSection
	GlobalSection(ProjectConfigurationPlatforms) = postSolution
		{F7E1B669-8F86-4F9E-AC9D-F126767B7D43}.Debug|Any CPU.ActiveCfg = Debug|Any CPU
		{F7E1B669-8F86-4F9E-AC9D-F126767B7D43}.Debug|Any CPU.Build.0 = Debug|Any CPU
		{F7E1B669-8F86-4F9E-AC9D-F126767B7D43}.Release|Any CPU.ActiveCfg = Release|Any CPU
		{F7E1B669-8F86-4F9E-AC9D-F126767B7D43}.Release|Any CPU.Build.0 = Release|Any CPU
		{D50B5D73-A948-4C70-9354-98C61D85BBB1}.Debug|Any CPU.ActiveCfg = Debug|Any CPU
		{D50B5D73-A948-4C70-9354-98C61D85BBB1}.Debug|Any CPU.Build.0 = Debug|Any CPU
		{D50B5D73-A948-4C70-9354-98C61D85BBB1}.Release|Any CPU.ActiveCfg = Release|Any CPU
		{D50B5D73-A948-4C70-9354-98C61D85BBB1}.Release|Any CPU.Build.0 = Release|Any CPU
	EndGlobalSection
	GlobalSection(SolutionProperties) = preSolution
		HideSolutionNode = FALSE
	EndGlobalSection
	GlobalSection(ExtensibilityGlobals) = postSolution
		SolutionGuid = {BF8B184F-2EAB-4406-8DBB-C5A2B8240C6A}
	EndGlobalSection
EndGlobal
